Microsoft Visual Studio Solution File, Format Version 12.00
# Visual Studio Version 17
VisualStudioVersion = 17.5.2.0
MinimumVisualStudioVersion = 10.0.40219.1
Project("{FAE04EC0-301F-11D3-BF4B-00C04F79EFBC}") = "UserTodoAPI", "UserTodoAPI.csproj", "{A2B11A20-D74A-F3D6-76DA-DA3CB145E76D}"
EndProject
Global
	GlobalSection(SolutionConfigurationPlatforms) = preSolution
		Debug|Any CPU = Debug|Any CPU
		Release|Any CPU = Release|Any CPU
	EndGlobalSection
	GlobalSection(ProjectConfigurationPlatforms) = postSolution
		{A2B11A20-D74A-F3D6-76DA-DA3CB145E76D}.Debug|Any CPU.ActiveCfg = Debug|Any CPU
		{A2B11A20-D74A-F3D6-76DA-DA3CB145E76D}.Debug|Any CPU.Build.0 = Debug|Any CPU
		{A2B11A20-D74A-F3D6-76DA-DA3CB145E76D}.Release|Any CPU.ActiveCfg = Release|Any CPU
		{A2B11A20-D74A-F3D6-76DA-DA3CB145E76D}.Release|Any CPU.Build.0 = Release|Any CPU
	EndGlobalSection
	GlobalSection(SolutionProperties) = preSolution
		HideSolutionNode = FALSE
	EndGlobalSection
	GlobalSection(ExtensibilityGlobals) = postSolution
		SolutionGuid = {98566263-2BE3-4059-BB83-D5FA723F6484}
	EndGlobalSection
EndGlobal
